# This file is generated by running "yarn install" inside your project.
# Manual changes might be lost - proceed with caution!

__metadata:
  version: 5
  cacheKey: 8

"@types/matrix-js-sdk@npm:^11.0.1":
  version: 11.0.1
  resolution: "@types/matrix-js-sdk@npm:11.0.1"
  checksum: 97050df159764475e4d1afab37dc9aff2bb9a68cab92d60cd2a1c8d641510936860cbe0ca64cf76ab6994da459d8f53e0ea31865e94137647585b9e6b7a12636
  languageName: node
  linkType: hard

"@types/prop-types@npm:*":
  version: 15.7.4
  resolution: "@types/prop-types@npm:15.7.4"
  checksum: ef6e1899e59b876c273811b1bd845022fc66d5a3d11cb38a25b6c566b30514ae38fe20a40f67622f362a4f4f7f9224e22d8da101cff3d6e97e11d7b4c307cfc1
  languageName: node
  linkType: hard

"@types/react-dom@npm:^17.0.11":
  version: 17.0.11
  resolution: "@types/react-dom@npm:17.0.11"
  dependencies:
    "@types/react": "*"
  checksum: 4d5730dffbef86c887cecad7e3cecda424ce6a64d0b5441c63b5b015d48219868660a2bb1aa15e897e565ad8867fa6b885d4358b04e1c4e589ba4c07c3fda55c
  languageName: node
  linkType: hard

"@types/react@npm:*, @types/react@npm:^17.0.39":
  version: 17.0.39
  resolution: "@types/react@npm:17.0.39"
  dependencies:
    "@types/prop-types": "*"
    "@types/scheduler": "*"
    csstype: ^3.0.2
  checksum: bf04d3c2894559012710d595553e12b422d3b91cd8f4f7e122d8cb044ba9c2ba17f6e8a4e09581359cc5509ddc59cd8c8fabd6774f3505a40a45393f074d6e6e
  languageName: node
  linkType: hard

"@types/scheduler@npm:*":
  version: 0.16.2
  resolution: "@types/scheduler@npm:0.16.2"
  checksum: b6b4dcfeae6deba2e06a70941860fb1435730576d3689225a421280b7742318d1548b3d22c1f66ab68e414f346a9542f29240bc955b6332c5b11e561077583bc
  languageName: node
  linkType: hard

"csstype@npm:^3.0.2":
  version: 3.0.10
  resolution: "csstype@npm:3.0.10"
  checksum: 20a8fa324f2b33ddf94aa7507d1b6ab3daa6f3cc308888dc50126585d7952f2471de69b2dbe0635d1fdc31223fef8e070842691877e725caf456e2378685a631
  languageName: node
  linkType: hard

"use-matrix-client@workspace:.":
  version: 0.0.0-use.local
  resolution: "use-matrix-client@workspace:."
  dependencies:
    "@types/matrix-js-sdk": ^11.0.1
    "@types/react": ^17.0.39
    "@types/react-dom": ^17.0.11
    zustand: ^3.7.1
  peerDependencies:
    matrix-js-sdk: ^15.5.2
    react: ^17.0.2
    react-dom: ^17.0.2
    typescript: ^4.5.5
    zustand: ^3.7.0
  languageName: unknown
  linkType: soft

"zustand@npm:^3.7.1":
  version: 3.7.1
  resolution: "zustand@npm:3.7.1"
  peerDependencies:
    react: ">=16.8"
  peerDependenciesMeta:
    react:
      optional: true
  checksum: 987a2cee95e0fd085c3556d21289a34bb1e9727155837c480617dee839453858523d6321abf3b18de4867fb07d14f5ff7abf9a8404357baa7ec73dffec6dd4f7
  languageName: node
  linkType: hard
